<?xml version="1.0" encoding="utf-8"?>
<Project ToolsVersion="4.0" xmlns="http://schemas.microsoft.com/developer/msbuild/2003">
  <ItemGroup>
    <Filter Include="Source Files">
      <UniqueIdentifier>{4FC737F1-C7A5-4376-A066-2A32D752A2FF}</UniqueIdentifier>
      <Extensions>cpp;c;cc;cxx;c++;cppm;ixx;def;odl;idl;hpj;bat;asm;asmx</Extensions>
    </Filter>
    <Filter Include="Header Files">
      <UniqueIdentifier>{93995380-89BD-4b04-88EB-625FBE52EBFB}</UniqueIdentifier>
      <Extensions>h;hh;hpp;hxx;h++;hm;inl;inc;ipp;xsd</Extensions>
    </Filter>
    <Filter Include="Resource Files">
      <UniqueIdentifier>{67DA6AB6-F800-4c08-8B7A-83BB121AAD01}</UniqueIdentifier>
      <Extensions>rc;ico;cur;bmp;dlg;rc2;rct;bin;rgs;gif;jpg;jpeg;jpe;resx;tiff;tif;png;wav;mfcribbon-ms</Extensions>
    </Filter>
  </ItemGroup>
  <ItemGroup>
    <ClCompile Include="main.cpp">
      <Filter>Source Files</Filter>
    </ClCompile>
    <ClCompile Include="include\Demo\Tile.cpp">
      <Filter>Source Files</Filter>
    </ClCompile>
    <ClCompile Include="Scenes\Demo\DemoScene.cpp">
      <Filter>Source Files</Filter>
    </ClCompile>
    <ClCompile Include="include\BulletH\BulletPool.cpp">
      <Filter>Source Files</Filter>
    </ClCompile>
    <ClCompile Include="Scenes\ClickerScene.h">
      <Filter>Source Files</Filter>
    </ClCompile>
    <ClCompile Include="include\Clicker\GameState.cpp">
      <Filter>Source Files</Filter>
    </ClCompile>
    <ClCompile Include="Scenes\Demo\DemoScene.cpp">
      <Filter>Source Files</Filter>
    </ClCompile>
    <ClCompile Include="include\Demo\Tile.cpp">
      <Filter>Source Files</Filter>
    </ClCompile>
    <ClCompile Include="include\BulletPool.cpp">
      <Filter>Source Files</Filter>
    </ClCompile>
    <ClCompile Include="include\Demo\TileSpawner.cpp">
      <Filter>Source Files</Filter>
    </ClCompile>
  </ItemGroup>
  <ItemGroup>
    <ClInclude Include="Scenes\DefaultScene.h">
      <Filter>Header Files</Filter>
    </ClInclude>
    <ClInclude Include="include\BulletH\Player.h">
      <Filter>Header Files</Filter>
    </ClInclude>
    <ClInclude Include="Scenes\BulletHScene.h">
      <Filter>Header Files</Filter>
    </ClInclude>
    <ClInclude Include="include\BulletH\Enemy.h">
      <Filter>Header Files</Filter>
    </ClInclude>
    <ClInclude Include="include\BulletH\Bullet.h">
      <Filter>Header Files</Filter>
    </ClInclude>
    <ClInclude Include="Scenes\TowerDef.h">
      <Filter>Header Files</Filter>
    </ClInclude>
    <ClInclude Include="include\BulletH\BulletPool.h">
      <Filter>Header Files</Filter>
    </ClInclude>
    <ClInclude Include="include\BulletH\Pattern.h">
      <Filter>Header Files</Filter>
    </ClInclude>
    <ClInclude Include="include\TowerDef\Tenemy.h">
      <Filter>Header Files</Filter>
    </ClInclude>
    <ClInclude Include="include\TowerDef\Tower.h">
      <Filter>Header Files</Filter>
    </ClInclude>
    <ClInclude Include="include\TowerDef\Map.h">
      <Filter>Header Files</Filter>
    </ClInclude>
    <ClInclude Include="include\TowerDef\TowerBullet.h">
      <Filter>Header Files</Filter>
    </ClInclude>
    <ClInclude Include="include\TowerDef\TowerPlacer.h">
      <Filter>Header Files</Filter>
    </ClInclude>
    <ClInclude Include="include\Clicker\Bouton.h">
      <Filter>Header Files</Filter>
    </ClInclude>
    <ClInclude Include="include\TowerDef\WaveManager.h">
      <Filter>Header Files</Filter>
    </ClInclude>
    <ClInclude Include="include\Clicker\GameState.h">
      <Filter>Header Files</Filter>
    </ClInclude>
    <ClInclude Include="include\Clicker\ShopButton.h">
      <Filter>Header Files</Filter>
    </ClInclude>
    <ClInclude Include="Scenes\Fbuller_hell.h">
      <Filter>Header Files</Filter>
    </ClInclude>
    <ClInclude Include="include\Bullet.h">
      <Filter>Header Files</Filter>
    </ClInclude>
    <ClInclude Include="include\EnemyShooter.h">
      <Filter>Header Files</Filter>
    </ClInclude>
    <ClInclude Include="include\Patterns.h">
      <Filter>Header Files</Filter>
    </ClInclude>
    <ClInclude Include="include\Demo\Player.h">
      <Filter>Header Files</Filter>
    </ClInclude>
    <ClInclude Include="Scenes\Demo\DemoScene.h">
      <Filter>Header Files</Filter>
    </ClInclude>
    <ClInclude Include="include\FPlayer.h">
      <Filter>Header Files</Filter>
    </ClInclude>
    <ClInclude Include="include\Demo\Tile.h">
      <Filter>Header Files</Filter>
    </ClInclude>
    <ClInclude Include="include\BulletPool.h">
      <Filter>Header Files</Filter>
    </ClInclude>
    <ClInclude Include="Scenes\FTowerdef.h">
      <Filter>Header Files</Filter>
    </ClInclude>
    <ClInclude Include="include\FEnemyMovement.h">
      <Filter>Header Files</Filter>
    </ClInclude>
    <ClInclude Include="include\FTower.h">
      <Filter>Header Files</Filter>
    </ClInclude>
    <ClInclude Include="include\FProjectile.h">
      <Filter>Header Files</Filter>
    </ClInclude>
    <ClInclude Include="include\EnemyWave.h">
      <Filter>Header Files</Filter>
    </ClInclude>
    <ClInclude Include="include\Demo\TileSpawner.h">
      <Filter>Header Files</Filter>
    </ClInclude>
    <ClInclude Include="include\TowerPlacement.h">
      <Filter>Header Files</Filter>
    </ClInclude>
    <ClInclude Include="include\wavemanager.h">
      <Filter>Header Files</Filter>
    </ClInclude>
    <ClInclude Include="Scenes\FClicker.h">
      <Filter>Header Files</Filter>
    </ClInclude>
    <ClInclude Include="include\FClickableComponent.h">
      <Filter>Header Files</Filter>
    </ClInclude>
    <ClInclude Include="include\ShopComponent.h">
      <Filter>Header Files</Filter>
    </ClInclude>
    <ClInclude Include="include\Demo\TileCounter.h">
      <Filter>Header Files</Filter>
    </ClInclude>
    <ClInclude Include="include\FScoreDisplayComponent.h">
      <Filter>Header Files</Filter>
    </ClInclude>
    <ClInclude Include="include\FCostDisplayComponent.h">
      <Filter>Header Files</Filter>
    </ClInclude>
  </ItemGroup>
</Project>